# This file is automatically @generated by Cargo.
# It is not intended for manual editing.
version = 4

[[package]]
name = "datomic"
version = "0.7.0"
dependencies = [
 "protos",
]

[[package]]
name = "protos"
version = "0.14.0"
source = "git+https://github.com/LiGoldragon/protos?rev=2f605fd689679a24e4ef83a643a2cd066cb12186#2f605fd689679a24e4ef83a643a2cd066cb12186"
