# This file is automatically @generated by Cargo.
# It is not intended for manual editing.
version = 4

[[package]]
name = "datom"
version = "0.2.0"
dependencies = [
 "protos",
]

[[package]]
name = "protos"
version = "0.6.0"
source = "git+https://github.com/LiGoldragon/protos?rev=bfea114c96eb548ceae17ab05da9c231a6412ba1#bfea114c96eb548ceae17ab05da9c231a6412ba1"
