# This file is automatically @generated by Cargo.
# It is not intended for manual editing.
version = 4

[[package]]
name = "datom"
version = "0.5.0"
dependencies = [
 "protos",
]

[[package]]
name = "protos"
version = "0.8.0"
source = "git+https://github.com/LiGoldragon/protos?rev=3b190f9fc2c2a074ceeb6ababfea89e3dd504996#3b190f9fc2c2a074ceeb6ababfea89e3dd504996"
